
Microsoft Visual Studio Solution File, Format Version 12.00
# Visual Studio Version 16
VisualStudioVersion = 16.0.29123.88
MinimumVisualStudioVersion = 10.0.40219.1
Project("{FAE04EC0-301F-11D3-BF4B-00C04F79EFBC}") = "LearnDotNetCore", "LearnDotNetCore\LearnDotNetCore.csproj", "{299EE9FB-09E4-46DB-8FD9-D837F2D50489}"
EndProject
Project("{FAE04EC0-301F-11D3-BF4B-00C04F79EFBC}") = "ConsoleInterpretor", "ConsoleInterpretor\ConsoleInterpretor.csproj", "{D03F3C1A-61FE-4834-BEEE-DF5B837446F8}"
EndProject
Global
	GlobalSection(SolutionConfigurationPlatforms) = preSolution
		Debug|Any CPU = Debug|Any CPU
		Release|Any CPU = Release|Any CPU
	EndGlobalSection
	GlobalSection(ProjectConfigurationPlatforms) = postSolution
		{299EE9FB-09E4-46DB-8FD9-D837F2D50489}.Debug|Any CPU.ActiveCfg = Debug|Any CPU
		{299EE9FB-09E4-46DB-8FD9-D837F2D50489}.Debug|Any CPU.Build.0 = Debug|Any CPU
		{299EE9FB-09E4-46DB-8FD9-D837F2D50489}.Release|Any CPU.ActiveCfg = Release|Any CPU
		{299EE9FB-09E4-46DB-8FD9-D837F2D50489}.Release|Any CPU.Build.0 = Release|Any CPU
		{D03F3C1A-61FE-4834-BEEE-DF5B837446F8}.Debug|Any CPU.ActiveCfg = Debug|Any CPU
		{D03F3C1A-61FE-4834-BEEE-DF5B837446F8}.Debug|Any CPU.Build.0 = Debug|Any CPU
		{D03F3C1A-61FE-4834-BEEE-DF5B837446F8}.Release|Any CPU.ActiveCfg = Release|Any CPU
		{D03F3C1A-61FE-4834-BEEE-DF5B837446F8}.Release|Any CPU.Build.0 = Release|Any CPU
	EndGlobalSection
	GlobalSection(SolutionProperties) = preSolution
		HideSolutionNode = FALSE
	EndGlobalSection
	GlobalSection(ExtensibilityGlobals) = postSolution
		SolutionGuid = {F4572DB3-D031-4ABD-90F7-A3DE0CD3D0CE}
	EndGlobalSection
EndGlobal
